
Microsoft Visual Studio Solution File, Format Version 12.00
# Visual Studio Version 17
VisualStudioVersion = 17.11.35312.102
MinimumVisualStudioVersion = 10.0.40219.1
Project("{FAE04EC0-301F-11D3-BF4B-00C04F79EFBC}") = "ConsoleApp10", "ConsoleApp10\ConsoleApp10.csproj", "{D982B5D1-5EC8-4BF7-A119-DEC1A75B4922}"
EndProject
Global
	GlobalSection(SolutionConfigurationPlatforms) = preSolution
		Debug|Any CPU = Debug|Any CPU
		Release|Any CPU = Release|Any CPU
	EndGlobalSection
	GlobalSection(ProjectConfigurationPlatforms) = postSolution
		{D982B5D1-5EC8-4BF7-A119-DEC1A75B4922}.Debug|Any CPU.ActiveCfg = Debug|Any CPU
		{D982B5D1-5EC8-4BF7-A119-DEC1A75B4922}.Debug|Any CPU.Build.0 = Debug|Any CPU
		{D982B5D1-5EC8-4BF7-A119-DEC1A75B4922}.Release|Any CPU.ActiveCfg = Release|Any CPU
		{D982B5D1-5EC8-4BF7-A119-DEC1A75B4922}.Release|Any CPU.Build.0 = Release|Any CPU
	EndGlobalSection
	GlobalSection(SolutionProperties) = preSolution
		HideSolutionNode = FALSE
	EndGlobalSection
	GlobalSection(ExtensibilityGlobals) = postSolution
		SolutionGuid = {F7EDB728-47E1-4515-A3A4-15A42604E5E2}
	EndGlobalSection
EndGlobal
